{
	"name": "@loopback/authorization",
	"version": "0.11.2",
	"lockfileVersion": 1,
	"requires": true,
	"dependencies": {
		"@types/debug": {
			"version": "4.1.7",
			"resolved": "https://registry.npmjs.org/@types/debug/-/debug-4.1.7.tgz",
			"integrity": "sha512-9AonUzyTjXXhEOa0DnqpzZi6VHlqKMswga9EXjpXnnqxwLtdvPPtlO8evrI5D9S6asFRCQ6v+wpiUKbw+vKqyg==",
			"dev": true,
			"requires": {
				"@types/ms": "*"
			}
		},
		"@types/ms": {
			"version": "0.7.31",
			"resolved": "https://registry.npmjs.org/@types/ms/-/ms-0.7.31.tgz",
			"integrity": "sha512-iiUgKzV9AuaEkZqkOLDIvlQiL6ltuZd9tGcW3gwpnX8JbuiuhFlEGmmFXEXkN50Cvq7Os88IY2v0dkDqXYWVgA==",
			"dev": true
		},
		"@types/node": {
			"version": "12.20.50",
			"resolved": "https://registry.npmjs.org/@types/node/-/node-12.20.50.tgz",
			"integrity": "sha512-+9axpWx2b2JCVovr7Ilgt96uc6C1zBKOQMpGtRbWT9IoR/8ue32GGMfGA4woP8QyP2gBs6GQWEVM3tCybGCxDA==",
			"dev": true
		},
		"await-lock": {
			"version": "2.2.1",
			"resolved": "https://registry.npmjs.org/await-lock/-/await-lock-2.2.1.tgz",
			"integrity": "sha512-MPj/sdosJsfhW/6xsvj3Nk7bHc2F7Ghw8PewCjqbmFJfQGTZ1aVcZfPnb6T8qZswIMnXVWjepeiZv4n2t0luvQ==",
			"dev": true
		},
		"casbin": {
			"version": "5.15.1",
			"resolved": "https://registry.npmjs.org/casbin/-/casbin-5.15.1.tgz",
			"integrity": "sha512-QkoJxel+kowIIwlIM1+zi7sCKmanyaYPevlOLmzSLE3CzWX6EZxNHIkTRkeOkYY7WDDaagOzJVz/1NcyyOsOxA==",
			"dev": true,
			"requires": {
				"await-lock": "^2.0.1",
				"csv-parse": "^4.15.3",
				"expression-eval": "^4.0.0",
				"picomatch": "^2.2.3"
			}
		},
		"csv-parse": {
			"version": "4.16.3",
			"resolved": "https://registry.npmjs.org/csv-parse/-/csv-parse-4.16.3.tgz",
			"integrity": "sha512-cO1I/zmz4w2dcKHVvpCr7JVRu8/FymG5OEpmvsZYlccYolPBLoVGKUHgNoc4ZGkFeFlWGEDmMyBM+TTqRdW/wg==",
			"dev": true
		},
		"debug": {
			"version": "4.3.4",
			"resolved": "https://registry.npmjs.org/debug/-/debug-4.3.4.tgz",
			"integrity": "sha512-PRWFHuSU3eDtQJPvnNY7Jcket1j0t5OuOsFzPPzsekD52Zl8qUfFIPEiswXqIvHWGVHOgX+7G/vCNNhehwxfkQ==",
			"requires": {
				"ms": "2.1.2"
			}
		},
		"expression-eval": {
			"version": "4.0.0",
			"resolved": "https://registry.npmjs.org/expression-eval/-/expression-eval-4.0.0.tgz",
			"integrity": "sha512-YHSnLTyIb9IKaho2IdQbvlei/pElxnGm48UgaXJ1Fe5au95Ck0R9ftm6rHJQuKw3FguZZ4eXVllJFFFc7LX0WQ==",
			"dev": true,
			"requires": {
				"jsep": "^0.3.0"
			}
		},
		"jsep": {
			"version": "0.3.5",
			"resolved": "https://registry.npmjs.org/jsep/-/jsep-0.3.5.tgz",
			"integrity": "sha512-AoRLBDc6JNnKjNcmonituEABS5bcfqDhQAWWXNTFrqu6nVXBpBAGfcoTGZMFlIrh9FjmE1CQyX9CTNwZrXMMDA==",
			"dev": true
		},
		"ms": {
			"version": "2.1.2",
			"resolved": "https://registry.npmjs.org/ms/-/ms-2.1.2.tgz",
			"integrity": "sha512-sGkPx+VjMtmA6MX27oA4FBFELFCZZ4S4XqeGOXCv68tT+jb3vk/RyaKWP0PTKyWtmLSM0b+adUTEvbs1PEaH2w=="
		},
		"picomatch": {
			"version": "2.3.1",
			"resolved": "https://registry.npmjs.org/picomatch/-/picomatch-2.3.1.tgz",
			"integrity": "sha512-JU3teHTNjmE2VCGFzuY8EXzCDVwEqB2a8fsIvwaStHhAWJEeVd1o1QD80CU6+ZdEXXSLbSsuLwJjkCBWqRQUVA==",
			"dev": true
		},
		"tslib": {
			"version": "2.4.0",
			"resolved": "https://registry.npmjs.org/tslib/-/tslib-2.4.0.tgz",
			"integrity": "sha512-d6xOpEDfsi2CZVlPQzGeux8XMwLT9hssAsaPYExaQMuYskwb+x1x7J371tWlbBdWHroy99KnVB6qIkUbs5X3UQ=="
		}
	}
}
